# This file was autogenerated by Stack.
# You should not edit this file by hand.
# For more information, please see the documentation at:
#   https://docs.haskellstack.org/en/stable/topics/lock_files

packages:
- completed:
    name: type-operators
    pantry-tree:
      sha256: 9d98e31cb8852e76ffa54c3fed30f07b9caff29883bd9cb269cb82ab37b97cbf
      size: 321
    sha256: d22ec5cc0fa354257b95da4de20aeafbc643745d6f2039486aefc0924f366107
    size: 3172
    url: https://github.com/helvm/type-operators/archive/690ff2765765195ee9a8d21a08933aca65138fe5.tar.gz
    version: 0.2.0.0
  original:
    url: https://github.com/helvm/type-operators/archive/690ff2765765195ee9a8d21a08933aca65138fe5.tar.gz
- completed:
    name: hspec-slow
    pantry-tree:
      sha256: c4c5bc1a39e9ac592b4cd681f70bddd88dc6b17a15da20884c2b8ad75f3de604
      size: 518
    sha256: ae749f7d53e231dedc64fc80251110ca3ac8c20c1f87e634c0ebe21c6767a9aa
    size: 4612
    url: https://github.com/helvm/hspec-slow/archive/656db86046d82af6aefbe47be53a52e36a8db005.tar.gz
    version: 0.2.0.1
  original:
    url: https://github.com/helvm/hspec-slow/archive/656db86046d82af6aefbe47be53a52e36a8db005.tar.gz
- completed:
    hackage: ilist-0.4.0.1@sha256:126019faf3d02f305c5762ae9602be1cbf76291153a1a7461270ad1429678111,3305
    pantry-tree:
      sha256: 1e45ec9d7d543f0689da97b6de57b9a729c605660af73e15848c10b37640a888
      size: 438
  original:
    hackage: ilist-0.4.0.1@sha256:126019faf3d02f305c5762ae9602be1cbf76291153a1a7461270ad1429678111,3305
snapshots:
- completed:
    sha256: 473840099b95facf73ec72dcafe53a2487bfadeceb03a981a19e16469503a342
    size: 726266
    url: https://raw.githubusercontent.com/commercialhaskell/stackage-snapshots/master/lts/24/6.yaml
  original:
    url: https://raw.githubusercontent.com/commercialhaskell/stackage-snapshots/master/lts/24/6.yaml
